{
    "_readme": [
        "This file locks the dependencies of your project to a known state",
        "Read more about it at https://getcomposer.org/doc/01-basic-usage.md#installing-dependencies",
        "This file is @generated automatically"
    ],
    "content-hash": "fd4622f8ada8ed8d529108e13590a1c5",
    "packages": [
        {
            "name": "plesk/api-php-lib",
            "version": "v1.0.6",
            "source": {
                "type": "git",
                "url": "https://github.com/plesk/api-php-lib.git",
                "reference": "c358e6aaf65e3bbc926fbb1e61ec242dee9e1e5c"
            },
            "dist": {
                "type": "zip",
                "url": "https://api.github.com/repos/plesk/api-php-lib/zipball/c358e6aaf65e3bbc926fbb1e61ec242dee9e1e5c",
                "reference": "c358e6aaf65e3bbc926fbb1e61ec242dee9e1e5c",
                "shasum": ""
            },
            "require": {
                "ext-curl": "*",
                "ext-simplexml": "*",
                "ext-xml": "*",
                "php": "^5.6 || ^7.0"
            },
            "require-dev": {
                "phpunit/phpunit": "^7.0"
            },
            "type": "library",
            "extra": {
                "branch-alias": {
                    "dev-master": "1.0.x-dev"
                }
            },
            "autoload": {
                "psr-4": {
                    "PleskX\\": "src/"
                }
            },
            "notification-url": "https://packagist.org/downloads/",
            "license": [
                "Apache-2.0"
            ],
            "authors": [
                {
                    "name": "Alexei Yuzhakov",
                    "email": "sibprogrammer@gmail.com"
                },
                {
                    "name": "Plesk International GmbH.",
                    "email": "plesk-dev-leads@plesk.com"
                }
            ],
            "description": "PHP object-oriented library for Plesk XML-RPC API",
            "time": "2019-06-29T16:00:25+00:00"
        }
    ],
    "packages-dev": [],
    "aliases": [],
    "minimum-stability": "stable",
    "stability-flags": [],
    "prefer-stable": false,
    "prefer-lowest": false,
    "platform": [],
    "platform-dev": [],
    "plugin-api-version": "1.1.0"
}
